hash: 5e255fd4a59e76f9cec260d2ee90e53144f85ce022db504cce655ad2204af1c5
updated: 2018-02-28T10:24:34.094469617-07:00
imports:
- name: github.com/aokoli/goutils
  version: 3391d3790d23d03408670993e957e8f408993c34
- name: github.com/Bowery/prompt
  version: 94b504f42fdd503acc3b3c79ec2b517d90e0de8a
- name: github.com/huandu/xstrings
  version: 2bf18b218c51864a87384c06996e40ff9dcff8e1
- name: github.com/imdario/mergo
  version: 7fe0c75c13abdee74b09fcacef5ea1c6bba6a874
- name: github.com/labstack/gommon
  version: 058e16e77bbd66cc101dfeae2971b88add6ce266
  subpackages:
  - color
- name: github.com/Masterminds/semver
  version: 59c29afe1a994eacb71c833025ca7acf874bb1da
- name: github.com/Masterminds/sprig
  version: b217b9c388de2cacde4354c536e520c52c055563
- name: github.com/mattn/go-colorable
  version: 7dc3415be66d7cc68bf0182f35c8d31f8d2ad8a7
- name: github.com/mattn/go-isatty
  version: 6ca4dbf54d38eea1a992b3c722a76a5d1c4cb25c
- name: github.com/mkideal/cli
  version: a9c1104566927924fdb041d198f05617492913f9
- name: github.com/mkideal/pkg
  version: 3e188c9e7ecc83d0fe7040a9161ce3c67885470d
  subpackages:
  - debug
  - expr
- name: github.com/pkg/errors
  version: 645ef00459ed84a119197bfb8d8205042c6df63d
- name: github.com/satori/go.uuid
  version: 0ca0c2cf9e6f8d79757fdc089a34c854ad557138
- name: golang.org/x/crypto
  version: 3a6c3ce65c4f0844ac396b02aebda1496fd2ac9d
  subpackages:
  - pbkdf2
  - scrypt
- name: golang.org/x/sys
  version: 37707fdb30a5b38865cfb95e5aab41707daec7fd
  subpackages:
  - unix
- name: golang.org/x/text
  version: 4e4a3210bb54bb31f6ab2cdca2edcc0b50c420c1
  subpackages:
  - internal/tag
  - language
- name: golang.org/x/tools
  version: 73e16cff9e0d4a802937444bebb562458548241d
  subpackages:
  - go/ast/astutil
  - imports
testImports:
- name: github.com/davecgh/go-spew
  version: 6d212800a42e8ab5c146b8ace3490ee17e5225f9
  subpackages:
  - spew
- name: github.com/go-playground/locales
  version: e4cbcb5d0652150d40ad0646651076b6bd2be4f6
  subpackages:
  - currency
- name: github.com/go-playground/universal-translator
  version: 71201497bace774495daed26a3874fd339e0b538
- name: github.com/pmezard/go-difflib
  version: d8ed2627bdf02c080bf22230dbb337003b7aba2d
  subpackages:
  - difflib
- name: github.com/stretchr/testify
  version: 12b6f73e6084dad08a7c6e575284b177ecafbc71
  subpackages:
  - assert
  - require
  - suite
- name: gopkg.in/go-playground/validator.v9
  version: 150fe5b6a4ccc9cd6ffdbf5d184b67fbea75efcc
