hash: 6cb65405e8a3d5edc04c62f4f1c46f35afd340b58964d9b07619d46a2b8ac0a7
updated: 2016-12-20T08:23:56.426690306-07:00
imports:
- name: github.com/aokoli/goutils
  version: 9c37978a95bd5c709a15883b6242714ea6709e64
- name: github.com/Bowery/prompt
  version: d43c2707a6c5a152a344c64bb4fed657e2908a81
- name: github.com/labstack/gommon
  version: 2d272df536d051e737aea353b86c979d6e88bce0
  subpackages:
  - color
- name: github.com/Masterminds/sprig
  version: 1e60e4ce482a1e2c7b9c9be667535ef152e04300
- name: github.com/mattn/go-colorable
  version: 6c903ff4aa50920ca86087a280590b36b3152b9c
- name: github.com/mattn/go-isatty
  version: 66b8e73f3f5cda9f96b69efd03dd3d7fc4a5cdb8
- name: github.com/mkideal/cli
  version: 72ac83b12b73f6e83ee1aee30310c264c46f9270
- name: github.com/mkideal/pkg
  version: 05c9bbf4a905cf1a0ddebba440bf8d522e1d4976
  subpackages:
  - debug
  - expr
- name: github.com/satori/go.uuid
  version: 879c5887cd475cd7864858769793b2ceb0d44feb
- name: github.com/stretchr/testify
  version: 69483b4bd14f5845b5a1e55bca19e954e827f1d0
  subpackages:
  - assert
  - require
  - suite
- name: golang.org/x/sys
  version: c200b10b5d5e122be351b67af224adc6128af5bf
  subpackages:
  - unix
- name: golang.org/x/text
  version: 5722c1c97facbc41d1f9329ce722ed374db7d819
  subpackages:
  - internal/tag
  - language
- name: golang.org/x/tools
  version: 6d7cee0134e889eb7e1f17662ea1881d5a6ffb42
  subpackages:
  - go/ast/astutil
  - imports
- name: gopkg.in/go-playground/validator.v9
  version: 49fccadad19338f93f46a5abdafc44cd731cf7a7
testImports:
- name: github.com/davecgh/go-spew
  version: 6d212800a42e8ab5c146b8ace3490ee17e5225f9
  subpackages:
  - spew
- name: github.com/pmezard/go-difflib
  version: d8ed2627bdf02c080bf22230dbb337003b7aba2d
  subpackages:
  - difflib
